
Microsoft Visual Studio Solution File, Format Version 12.00
# Visual Studio Version 17
VisualStudioVersion = 17.12.35506.116
MinimumVisualStudioVersion = 10.0.40219.1
Project("{FAE04EC0-301F-11D3-BF4B-00C04F79EFBC}") = "MainApp", "MainApp\MainApp.csproj", "{55F865C0-4777-4922-BCE1-F4EAC1FAAFE8}"
EndProject
Project("{FAE04EC0-301F-11D3-BF4B-00C04F79EFBC}") = "Business", "Buisness\Business.csproj", "{045A4E1B-FA3E-4E96-AEFA-32194806A94F}"
EndProject
Project("{FAE04EC0-301F-11D3-BF4B-00C04F79EFBC}") = "Business.Tests", "Business.Tests\Business.Tests.csproj", "{2DBECED2-DEA2-491B-89BE-C3BDCD20ADEF}"
EndProject
Project("{FAE04EC0-301F-11D3-BF4B-00C04F79EFBC}") = "ContactApp", "ContactApp\ContactApp.csproj", "{0C19010C-EF78-4061-8AED-61B4A6BD46EE}"
EndProject
Global
	GlobalSection(SolutionConfigurationPlatforms) = preSolution
		Debug|Any CPU = Debug|Any CPU
		Release|Any CPU = Release|Any CPU
	EndGlobalSection
	GlobalSection(ProjectConfigurationPlatforms) = postSolution
		{55F865C0-4777-4922-BCE1-F4EAC1FAAFE8}.Debug|Any CPU.ActiveCfg = Debug|Any CPU
		{55F865C0-4777-4922-BCE1-F4EAC1FAAFE8}.Debug|Any CPU.Build.0 = Debug|Any CPU
		{55F865C0-4777-4922-BCE1-F4EAC1FAAFE8}.Release|Any CPU.ActiveCfg = Release|Any CPU
		{55F865C0-4777-4922-BCE1-F4EAC1FAAFE8}.Release|Any CPU.Build.0 = Release|Any CPU
		{045A4E1B-FA3E-4E96-AEFA-32194806A94F}.Debug|Any CPU.ActiveCfg = Debug|Any CPU
		{045A4E1B-FA3E-4E96-AEFA-32194806A94F}.Debug|Any CPU.Build.0 = Debug|Any CPU
		{045A4E1B-FA3E-4E96-AEFA-32194806A94F}.Release|Any CPU.ActiveCfg = Release|Any CPU
		{045A4E1B-FA3E-4E96-AEFA-32194806A94F}.Release|Any CPU.Build.0 = Release|Any CPU
		{2DBECED2-DEA2-491B-89BE-C3BDCD20ADEF}.Debug|Any CPU.ActiveCfg = Debug|Any CPU
		{2DBECED2-DEA2-491B-89BE-C3BDCD20ADEF}.Debug|Any CPU.Build.0 = Debug|Any CPU
		{2DBECED2-DEA2-491B-89BE-C3BDCD20ADEF}.Release|Any CPU.ActiveCfg = Release|Any CPU
		{2DBECED2-DEA2-491B-89BE-C3BDCD20ADEF}.Release|Any CPU.Build.0 = Release|Any CPU
		{0C19010C-EF78-4061-8AED-61B4A6BD46EE}.Debug|Any CPU.ActiveCfg = Debug|Any CPU
		{0C19010C-EF78-4061-8AED-61B4A6BD46EE}.Debug|Any CPU.Build.0 = Debug|Any CPU
		{0C19010C-EF78-4061-8AED-61B4A6BD46EE}.Release|Any CPU.ActiveCfg = Release|Any CPU
		{0C19010C-EF78-4061-8AED-61B4A6BD46EE}.Release|Any CPU.Build.0 = Release|Any CPU
	EndGlobalSection
	GlobalSection(SolutionProperties) = preSolution
		HideSolutionNode = FALSE
	EndGlobalSection
EndGlobal
